
Microsoft Visual Studio Solution File, Format Version 12.00
# Visual Studio 15
VisualStudioVersion = 15.0.26730.8
MinimumVisualStudioVersion = 10.0.40219.1
Project("{9A19103F-16F7-4668-BE54-9A1E7A4F7556}") = "MarkandEleanor2019", "MarkandEleanor2019\MarkandEleanor2019.csproj", "{0E0174CD-9255-473A-AD74-6C71DEC780A5}"
EndProject
Project("{2150E333-8FDC-42A3-9474-1A3956D46DE8}") = "Solution Items", "Solution Items", "{A4867BA2-6CF6-43AE-8FD4-2902BCFBAD44}"
	ProjectSection(SolutionItems) = preProject
		.gitignore = .gitignore
		LICENSE = LICENSE
		README.md = README.md
	EndProjectSection
EndProject
Global
	GlobalSection(SolutionConfigurationPlatforms) = preSolution
		Debug|Any CPU = Debug|Any CPU
		Release|Any CPU = Release|Any CPU
	EndGlobalSection
	GlobalSection(ProjectConfigurationPlatforms) = postSolution
		{0E0174CD-9255-473A-AD74-6C71DEC780A5}.Debug|Any CPU.ActiveCfg = Debug|Any CPU
		{0E0174CD-9255-473A-AD74-6C71DEC780A5}.Debug|Any CPU.Build.0 = Debug|Any CPU
		{0E0174CD-9255-473A-AD74-6C71DEC780A5}.Release|Any CPU.ActiveCfg = Release|Any CPU
		{0E0174CD-9255-473A-AD74-6C71DEC780A5}.Release|Any CPU.Build.0 = Release|Any CPU
	EndGlobalSection
	GlobalSection(SolutionProperties) = preSolution
		HideSolutionNode = FALSE
	EndGlobalSection
	GlobalSection(ExtensibilityGlobals) = postSolution
		SolutionGuid = {DE01943D-F3FE-48A4-8A4D-B4588D73D1F1}
	EndGlobalSection
EndGlobal
